// !$*UTF8*$!
{
	archiveVersion = 1;
	classes = {
	};
	objectVersion = 50;
	objects = {

/* Begin PBXBuildFile section */
		D583D7B8230D037700926BE1 /* AppDelegate.swift in Sources */ = {isa = PBXBuildFile; fileRef = D583D7B7230D037700926BE1 /* AppDelegate.swift */; };
		D583D7BD230D037700926BE1 /* Main.storyboard in Resources */ = {isa = PBXBuildFile; fileRef = D583D7BB230D037700926BE1 /* Main.storyboard */; };
		D583D7BF230D037800926BE1 /* Assets.xcassets in Resources */ = {isa = PBXBuildFile; fileRef = D583D7BE230D037800926BE1 /* Assets.xcassets */; };
		D583D7C2230D037800926BE1 /* LaunchScreen.storyboard in Resources */ = {isa = PBXBuildFile; fileRef = D583D7C0230D037800926BE1 /* LaunchScreen.storyboard */; };
		D583D7CD230D037800926BE1 /* ExpensesTests.swift in Sources */ = {isa = PBXBuildFile; fileRef = D583D7CC230D037800926BE1 /* ExpensesTests.swift */; };
		D583D7D8230D037800926BE1 /* ExpensesUITests.swift in Sources */ = {isa = PBXBuildFile; fileRef = D583D7D7230D037800926BE1 /* ExpensesUITests.swift */; };
		D583D7E6230D06FD00926BE1 /* Expenses.swift in Sources */ = {isa = PBXBuildFile; fileRef = D583D7E5230D06FD00926BE1 /* Expenses.swift */; };
		D583D7E8230D07CE00926BE1 /* ExpensesViewController.swift in Sources */ = {isa = PBXBuildFile; fileRef = D583D7E7230D07CE00926BE1 /* ExpensesViewController.swift */; };
		D583D7EA230D142A00926BE1 /* ExpenseTableViewCell.swift in Sources */ = {isa = PBXBuildFile; fileRef = D583D7E9230D142A00926BE1 /* ExpenseTableViewCell.swift */; };
/* End PBXBuildFile section */

/* Begin PBXContainerItemProxy section */
		D583D7C9230D037800926BE1 /* PBXContainerItemProxy */ = {
			isa = PBXContainerItemProxy;
			containerPortal = D583D7AC230D037700926BE1 /* Project object */;
			proxyType = 1;
			remoteGlobalIDString = D583D7B3230D037700926BE1;
			remoteInfo = Expenses;
		};
		D583D7D4230D037800926BE1 /* PBXContainerItemProxy */ = {
			isa = PBXContainerItemProxy;
			containerPortal = D583D7AC230D037700926BE1 /* Project object */;
			proxyType = 1;
			remoteGlobalIDString = D583D7B3230D037700926BE1;
			remoteInfo = Expenses;
		};
/* End PBXContainerItemProxy section */

/* Begin PBXFileReference section */
		D583D7B4230D037700926BE1 /* Expenses.app */ = {isa = PBXFileReference; explicitFileType = wrapper.application; includeInIndex = 0; path = Expenses.app; sourceTree = BUILT_PRODUCTS_DIR; };
		D583D7B7230D037700926BE1 /* AppDelegate.swift */ = {isa = PBXFileReference; lastKnownFileType = sourcecode.swift; path = AppDelegate.swift; sourceTree = "<group>"; };
		D583D7BC230D037700926BE1 /* Base */ = {isa = PBXFileReference; lastKnownFileType = file.storyboard; name = Base; path = Base.lproj/Main.storyboard; sourceTree = "<group>"; };
		D583D7BE230D037800926BE1 /* Assets.xcassets */ = {isa = PBXFileReference; lastKnownFileType = folder.assetcatalog; path = Assets.xcassets; sourceTree = "<group>"; };
		D583D7C1230D037800926BE1 /* Base */ = {isa = PBXFileReference; lastKnownFileType = file.storyboard; name = Base; path = Base.lproj/LaunchScreen.storyboard; sourceTree = "<group>"; };
		D583D7C3230D037800926BE1 /* Info.plist */ = {isa = PBXFileReference; lastKnownFileType = text.plist.xml; path = Info.plist; sourceTree = "<group>"; };
		D583D7C8230D037800926BE1 /* ExpensesTests.xctest */ = {isa = PBXFileReference; explicitFileType = wrapper.cfbundle; includeInIndex = 0; path = ExpensesTests.xctest; sourceTree = BUILT_PRODUCTS_DIR; };
		D583D7CC230D037800926BE1 /* ExpensesTests.swift */ = {isa = PBXFileReference; lastKnownFileType = sourcecode.swift; path = ExpensesTests.swift; sourceTree = "<group>"; };
		D583D7CE230D037800926BE1 /* Info.plist */ = {isa = PBXFileReference; lastKnownFileType = text.plist.xml; path = Info.plist; sourceTree = "<group>"; };
		D583D7D3230D037800926BE1 /* ExpensesUITests.xctest */ = {isa = PBXFileReference; explicitFileType = wrapper.cfbundle; includeInIndex = 0; path = ExpensesUITests.xctest; sourceTree = BUILT_PRODUCTS_DIR; };
		D583D7D7230D037800926BE1 /* ExpensesUITests.swift */ = {isa = PBXFileReference; lastKnownFileType = sourcecode.swift; path = ExpensesUITests.swift; sourceTree = "<group>"; };
		D583D7D9230D037800926BE1 /* Info.plist */ = {isa = PBXFileReference; lastKnownFileType = text.plist.xml; path = Info.plist; sourceTree = "<group>"; };
		D583D7E5230D06FD00926BE1 /* Expenses.swift */ = {isa = PBXFileReference; lastKnownFileType = sourcecode.swift; path = Expenses.swift; sourceTree = "<group>"; };
		D583D7E7230D07CE00926BE1 /* ExpensesViewController.swift */ = {isa = PBXFileReference; lastKnownFileType = sourcecode.swift; path = ExpensesViewController.swift; sourceTree = "<group>"; };
		D583D7E9230D142A00926BE1 /* ExpenseTableViewCell.swift */ = {isa = PBXFileReference; lastKnownFileType = sourcecode.swift; path = ExpenseTableViewCell.swift; sourceTree = "<group>"; };
/* End PBXFileReference section */

/* Begin PBXFrameworksBuildPhase section */
		D583D7B1230D037700926BE1 /* Frameworks */ = {
			isa = PBXFrameworksBuildPhase;
			buildActionMask = 2147483647;
			files = (
			);
			runOnlyForDeploymentPostprocessing = 0;
		};
		D583D7C5230D037800926BE1 /* Frameworks */ = {
			isa = PBXFrameworksBuildPhase;
			buildActionMask = 2147483647;
			files = (
			);
			runOnlyForDeploymentPostprocessing = 0;
		};
		D583D7D0230D037800926BE1 /* Frameworks */ = {
			isa = PBXFrameworksBuildPhase;
			buildActionMask = 2147483647;
			files = (
			);
			runOnlyForDeploymentPostprocessing = 0;
		};
/* End PBXFrameworksBuildPhase section */

/* Begin PBXGroup section */
		D583D7AB230D037700926BE1 = {
			isa = PBXGroup;
			children = (
				D583D7B6230D037700926BE1 /* Expenses */,
				D583D7CB230D037800926BE1 /* ExpensesTests */,
				D583D7D6230D037800926BE1 /* ExpensesUITests */,
				D583D7B5230D037700926BE1 /* Products */,
			);
			sourceTree = "<group>";
		};
		D583D7B5230D037700926BE1 /* Products */ = {
			isa = PBXGroup;
			children = (
				D583D7B4230D037700926BE1 /* Expenses.app */,
				D583D7C8230D037800926BE1 /* ExpensesTests.xctest */,
				D583D7D3230D037800926BE1 /* ExpensesUITests.xctest */,
			);
			name = Products;
			sourceTree = "<group>";
		};
		D583D7B6230D037700926BE1 /* Expenses */ = {
			isa = PBXGroup;
			children = (
				D583D7E7230D07CE00926BE1 /* ExpensesViewController.swift */,
				D583D7E9230D142A00926BE1 /* ExpenseTableViewCell.swift */,
				D583D7B7230D037700926BE1 /* AppDelegate.swift */,
				D583D7BB230D037700926BE1 /* Main.storyboard */,
				D583D7BE230D037800926BE1 /* Assets.xcassets */,
				D583D7C0230D037800926BE1 /* LaunchScreen.storyboard */,
				D583D7C3230D037800926BE1 /* Info.plist */,
				D583D7E5230D06FD00926BE1 /* Expenses.swift */,
			);
			path = Expenses;
			sourceTree = "<group>";
		};
		D583D7CB230D037800926BE1 /* ExpensesTests */ = {
			isa = PBXGroup;
			children = (
				D583D7CC230D037800926BE1 /* ExpensesTests.swift */,
				D583D7CE230D037800926BE1 /* Info.plist */,
			);
			path = ExpensesTests;
			sourceTree = "<group>";
		};
		D583D7D6230D037800926BE1 /* ExpensesUITests */ = {
			isa = PBXGroup;
			children = (
				D583D7D7230D037800926BE1 /* ExpensesUITests.swift */,
				D583D7D9230D037800926BE1 /* Info.plist */,
			);
			path = ExpensesUITests;
			sourceTree = "<group>";
		};
/* End PBXGroup section */

/* Begin PBXNativeTarget section */
		D583D7B3230D037700926BE1 /* Expenses */ = {
			isa = PBXNativeTarget;
			buildConfigurationList = D583D7DC230D037800926BE1 /* Build configuration list for PBXNativeTarget "Expenses" */;
			buildPhases = (
				D583D7B0230D037700926BE1 /* Sources */,
				D583D7B1230D037700926BE1 /* Frameworks */,
				D583D7B2230D037700926BE1 /* Resources */,
			);
			buildRules = (
			);
			dependencies = (
			);
			name = Expenses;
			productName = Expenses;
			productReference = D583D7B4230D037700926BE1 /* Expenses.app */;
			productType = "com.apple.product-type.application";
		};
		D583D7C7230D037800926BE1 /* ExpensesTests */ = {
			isa = PBXNativeTarget;
			buildConfigurationList = D583D7DF230D037800926BE1 /* Build configuration list for PBXNativeTarget "ExpensesTests" */;
			buildPhases = (
				D583D7C4230D037800926BE1 /* Sources */,
				D583D7C5230D037800926BE1 /* Frameworks */,
				D583D7C6230D037800926BE1 /* Resources */,
			);
			buildRules = (
			);
			dependencies = (
				D583D7CA230D037800926BE1 /* PBXTargetDependency */,
			);
			name = ExpensesTests;
			productName = ExpensesTests;
			productReference = D583D7C8230D037800926BE1 /* ExpensesTests.xctest */;
			productType = "com.apple.product-type.bundle.unit-test";
		};
		D583D7D2230D037800926BE1 /* ExpensesUITests */ = {
			isa = PBXNativeTarget;
			buildConfigurationList = D583D7E2230D037800926BE1 /* Build configuration list for PBXNativeTarget "ExpensesUITests" */;
			buildPhases = (
				D583D7CF230D037800926BE1 /* Sources */,
				D583D7D0230D037800926BE1 /* Frameworks */,
				D583D7D1230D037800926BE1 /* Resources */,
			);
			buildRules = (
			);
			dependencies = (
				D583D7D5230D037800926BE1 /* PBXTargetDependency */,
			);
			name = ExpensesUITests;
			productName = ExpensesUITests;
			productReference = D583D7D3230D037800926BE1 /* ExpensesUITests.xctest */;
			productType = "com.apple.product-type.bundle.ui-testing";
		};
/* End PBXNativeTarget section */

/* Begin PBXProject section */
		D583D7AC230D037700926BE1 /* Project object */ = {
			isa = PBXProject;
			attributes = {
				LastSwiftUpdateCheck = 1020;
				LastUpgradeCheck = 1020;
				ORGANIZATIONNAME = "Megan Wilson";
				TargetAttributes = {
					D583D7B3230D037700926BE1 = {
						CreatedOnToolsVersion = 10.2.1;
					};
					D583D7C7230D037800926BE1 = {
						CreatedOnToolsVersion = 10.2.1;
						TestTargetID = D583D7B3230D037700926BE1;
					};
					D583D7D2230D037800926BE1 = {
						CreatedOnToolsVersion = 10.2.1;
						TestTargetID = D583D7B3230D037700926BE1;
					};
				};
			};
			buildConfigurationList = D583D7AF230D037700926BE1 /* Build configuration list for PBXProject "Expenses" */;
			compatibilityVersion = "Xcode 9.3";
			developmentRegion = en;
			hasScannedForEncodings = 0;
			knownRegions = (
				en,
				Base,
			);
			mainGroup = D583D7AB230D037700926BE1;
			productRefGroup = D583D7B5230D037700926BE1 /* Products */;
			projectDirPath = "";
			projectRoot = "";
			targets = (
				D583D7B3230D037700926BE1 /* Expenses */,
				D583D7C7230D037800926BE1 /* ExpensesTests */,
				D583D7D2230D037800926BE1 /* ExpensesUITests */,
			);
		};
/* End PBXProject section */

/* Begin PBXResourcesBuildPhase section */
		D583D7B2230D037700926BE1 /* Resources */ = {
			isa = PBXResourcesBuildPhase;
			buildActionMask = 2147483647;
			files = (
				D583D7C2230D037800926BE1 /* LaunchScreen.storyboard in Resources */,
				D583D7BF230D037800926BE1 /* Assets.xcassets in Resources */,
				D583D7BD230D037700926BE1 /* Main.storyboard in Resources */,
			);
			runOnlyForDeploymentPostprocessing = 0;
		};
		D583D7C6230D037800926BE1 /* Resources */ = {
			isa = PBXResourcesBuildPhase;
			buildActionMask = 2147483647;
			files = (
			);
			runOnlyForDeploymentPostprocessing = 0;
		};
		D583D7D1230D037800926BE1 /* Resources */ = {
			isa = PBXResourcesBuildPhase;
			buildActionMask = 2147483647;
			files = (
			);
			runOnlyForDeploymentPostprocessing = 0;
		};
/* End PBXResourcesBuildPhase section */

/* Begin PBXSourcesBuildPhase section */
		D583D7B0230D037700926BE1 /* Sources */ = {
			isa = PBXSourcesBuildPhase;
			buildActionMask = 2147483647;
			files = (
				D583D7EA230D142A00926BE1 /* ExpenseTableViewCell.swift in Sources */,
				D583D7E6230D06FD00926BE1 /* Expenses.swift in Sources */,
				D583D7B8230D037700926BE1 /* AppDelegate.swift in Sources */,
				D583D7E8230D07CE00926BE1 /* ExpensesViewController.swift in Sources */,
			);
			runOnlyForDeploymentPostprocessing = 0;
		};
		D583D7C4230D037800926BE1 /* Sources */ = {
			isa = PBXSourcesBuildPhase;
			buildActionMask = 2147483647;
			files = (
				D583D7CD230D037800926BE1 /* ExpensesTests.swift in Sources */,
			);
			runOnlyForDeploymentPostprocessing = 0;
		};
		D583D7CF230D037800926BE1 /* Sources */ = {
			isa = PBXSourcesBuildPhase;
			buildActionMask = 2147483647;
			files = (
				D583D7D8230D037800926BE1 /* ExpensesUITests.swift in Sources */,
			);
			runOnlyForDeploymentPostprocessing = 0;
		};
/* End PBXSourcesBuildPhase section */

/* Begin PBXTargetDependency section */
		D583D7CA230D037800926BE1 /* PBXTargetDependency */ = {
			isa = PBXTargetDependency;
			target = D583D7B3230D037700926BE1 /* Expenses */;
			targetProxy = D583D7C9230D037800926BE1 /* PBXContainerItemProxy */;
		};
		D583D7D5230D037800926BE1 /* PBXTargetDependency */ = {
			isa = PBXTargetDependency;
			target = D583D7B3230D037700926BE1 /* Expenses */;
			targetProxy = D583D7D4230D037800926BE1 /* PBXContainerItemProxy */;
		};
/* End PBXTargetDependency section */

/* Begin PBXVariantGroup section */
		D583D7BB230D037700926BE1 /* Main.storyboard */ = {
			isa = PBXVariantGroup;
			children = (
				D583D7BC230D037700926BE1 /* Base */,
			);
			name = Main.storyboard;
			sourceTree = "<group>";
		};
		D583D7C0230D037800926BE1 /* LaunchScreen.storyboard */ = {
			isa = PBXVariantGroup;
			children = (
				D583D7C1230D037800926BE1 /* Base */,
			);
			name = LaunchScreen.storyboard;
			sourceTree = "<group>";
		};
/* End PBXVariantGroup section */

/* Begin XCBuildConfiguration section */
		D583D7DA230D037800926BE1 /* Debug */ = {
			isa = XCBuildConfiguration;
			buildSettings = {
				ALWAYS_SEARCH_USER_PATHS = NO;
				CLANG_ANALYZER_NONNULL = YES;
				CLANG_ANALYZER_NUMBER_OBJECT_CONVERSION = YES_AGGRESSIVE;
				CLANG_CXX_LANGUAGE_STANDARD = "gnu++14";
				CLANG_CXX_LIBRARY = "libc++";
				CLANG_ENABLE_MODULES = YES;
				CLANG_ENABLE_OBJC_ARC = YES;
				CLANG_ENABLE_OBJC_WEAK = YES;
				CLANG_WARN_BLOCK_CAPTURE_AUTORELEASING = YES;
				CLANG_WARN_BOOL_CONVERSION = YES;
				CLANG_WARN_COMMA = YES;
				CLANG_WARN_CONSTANT_CONVERSION = YES;
				CLANG_WARN_DEPRECATED_OBJC_IMPLEMENTATIONS = YES;
				CLANG_WARN_DIRECT_OBJC_ISA_USAGE = YES_ERROR;
				CLANG_WARN_DOCUMENTATION_COMMENTS = YES;
				CLANG_WARN_EMPTY_BODY = YES;
				CLANG_WARN_ENUM_CONVERSION = YES;
				CLANG_WARN_INFINITE_RECURSION = YES;
				CLANG_WARN_INT_CONVERSION = YES;
				CLANG_WARN_NON_LITERAL_NULL_CONVERSION = YES;
				CLANG_WARN_OBJC_IMPLICIT_RETAIN_SELF = YES;
				CLANG_WARN_OBJC_LITERAL_CONVERSION = YES;
				CLANG_WARN_OBJC_ROOT_CLASS = YES_ERROR;
				CLANG_WARN_RANGE_LOOP_ANALYSIS = YES;
				CLANG_WARN_STRICT_PROTOTYPES = YES;
				CLANG_WARN_SUSPICIOUS_MOVE = YES;
				CLANG_WARN_UNGUARDED_AVAILABILITY = YES_AGGRESSIVE;
				CLANG_WARN_UNREACHABLE_CODE = YES;
				CLANG_WARN__DUPLICATE_METHOD_MATCH = YES;
				CODE_SIGN_IDENTITY = "iPhone Developer";
				COPY_PHASE_STRIP = NO;
				DEBUG_INFORMATION_FORMAT = dwarf;
				ENABLE_STRICT_OBJC_MSGSEND = YES;
				ENABLE_TESTABILITY = YES;
				GCC_C_LANGUAGE_STANDARD = gnu11;
				GCC_DYNAMIC_NO_PIC = NO;
				GCC_NO_COMMON_BLOCKS = YES;
				GCC_OPTIMIZATION_LEVEL = 0;
				GCC_PREPROCESSOR_DEFINITIONS = (
					"DEBUG=1",
					"$(inherited)",
				);
				GCC_WARN_64_TO_32_BIT_CONVERSION = YES;
				GCC_WARN_ABOUT_RETURN_TYPE = YES_ERROR;
				GCC_WARN_UNDECLARED_SELECTOR = YES;
				GCC_WARN_UNINITIALIZED_AUTOS = YES_AGGRESSIVE;
				GCC_WARN_UNUSED_FUNCTION = YES;
				GCC_WARN_UNUSED_VARIABLE = YES;
				IPHONEOS_DEPLOYMENT_TARGET = 12.2;
				MTL_ENABLE_DEBUG_INFO = INCLUDE_SOURCE;
				MTL_FAST_MATH = YES;
				ONLY_ACTIVE_ARCH = YES;
				SDKROOT = iphoneos;
				SWIFT_ACTIVE_COMPILATION_CONDITIONS = DEBUG;
				SWIFT_OPTIMIZATION_LEVEL = "-Onone";
			};
			name = Debug;
		};
		D583D7DB230D037800926BE1 /* Release */ = {
			isa = XCBuildConfiguration;
			buildSettings = {
				ALWAYS_SEARCH_USER_PATHS = NO;
				CLANG_ANALYZER_NONNULL = YES;
				CLANG_ANALYZER_NUMBER_OBJECT_CONVERSION = YES_AGGRESSIVE;
				CLANG_CXX_LANGUAGE_STANDARD = "gnu++14";
				CLANG_CXX_LIBRARY = "libc++";
				CLANG_ENABLE_MODULES = YES;
				CLANG_ENABLE_OBJC_ARC = YES;
				CLANG_ENABLE_OBJC_WEAK = YES;
				CLANG_WARN_BLOCK_CAPTURE_AUTORELEASING = YES;
				CLANG_WARN_BOOL_CONVERSION = YES;
				CLANG_WARN_COMMA = YES;
				CLANG_WARN_CONSTANT_CONVERSION = YES;
				CLANG_WARN_DEPRECATED_OBJC_IMPLEMENTATIONS = YES;
				CLANG_WARN_DIRECT_OBJC_ISA_USAGE = YES_ERROR;
				CLANG_WARN_DOCUMENTATION_COMMENTS = YES;
				CLANG_WARN_EMPTY_BODY = YES;
				CLANG_WARN_ENUM_CONVERSION = YES;
				CLANG_WARN_INFINITE_RECURSION = YES;
				CLANG_WARN_INT_CONVERSION = YES;
				CLANG_WARN_NON_LITERAL_NULL_CONVERSION = YES;
				CLANG_WARN_OBJC_IMPLICIT_RETAIN_SELF = YES;
				CLANG_WARN_OBJC_LITERAL_CONVERSION = YES;
				CLANG_WARN_OBJC_ROOT_CLASS = YES_ERROR;
				CLANG_WARN_RANGE_LOOP_ANALYSIS = YES;
				CLANG_WARN_STRICT_PROTOTYPES = YES;
				CLANG_WARN_SUSPICIOUS_MOVE = YES;
				CLANG_WARN_UNGUARDED_AVAILABILITY = YES_AGGRESSIVE;
				CLANG_WARN_UNREACHABLE_CODE = YES;
				CLANG_WARN__DUPLICATE_METHOD_MATCH = YES;
				CODE_SIGN_IDENTITY = "iPhone Developer";
				COPY_PHASE_STRIP = NO;
				DEBUG_INFORMATION_FORMAT = "dwarf-with-dsym";
				ENABLE_NS_ASSERTIONS = NO;
				ENABLE_STRICT_OBJC_MSGSEND = YES;
				GCC_C_LANGUAGE_STANDARD = gnu11;
				GCC_NO_COMMON_BLOCKS = YES;
				GCC_WARN_64_TO_32_BIT_CONVERSION = YES;
				GCC_WARN_ABOUT_RETURN_TYPE = YES_ERROR;
				GCC_WARN_UNDECLARED_SELECTOR = YES;
				GCC_WARN_UNINITIALIZED_AUTOS = YES_AGGRESSIVE;
				GCC_WARN_UNUSED_FUNCTION = YES;
				GCC_WARN_UNUSED_VARIABLE = YES;
				IPHONEOS_DEPLOYMENT_TARGET = 12.2;
				MTL_ENABLE_DEBUG_INFO = NO;
				MTL_FAST_MATH = YES;
				SDKROOT = iphoneos;
				SWIFT_COMPILATION_MODE = wholemodule;
				SWIFT_OPTIMIZATION_LEVEL = "-O";
				VALIDATE_PRODUCT = YES;
			};
			name = Release;
		};
		D583D7DD230D037800926BE1 /* Debug */ = {
			isa = XCBuildConfiguration;
			buildSettings = {
				ASSETCATALOG_COMPILER_APPICON_NAME = AppIcon;
				CODE_SIGN_STYLE = Automatic;
				DEVELOPMENT_TEAM = 6N54P4PZYL;
				INFOPLIST_FILE = Expenses/Info.plist;
				LD_RUNPATH_SEARCH_PATHS = (
					"$(inherited)",
					"@executable_path/Frameworks",
				);
				PRODUCT_BUNDLE_IDENTIFIER = Ex.Expenses;
				PRODUCT_NAME = "$(TARGET_NAME)";
				SWIFT_VERSION = 5.0;
				TARGETED_DEVICE_FAMILY = "1,2";
			};
			name = Debug;
		};
		D583D7DE230D037800926BE1 /* Release */ = {
			isa = XCBuildConfiguration;
			buildSettings = {
				ASSETCATALOG_COMPILER_APPICON_NAME = AppIcon;
				CODE_SIGN_STYLE = Automatic;
				DEVELOPMENT_TEAM = 6N54P4PZYL;
				INFOPLIST_FILE = Expenses/Info.plist;
				LD_RUNPATH_SEARCH_PATHS = (
					"$(inherited)",
					"@executable_path/Frameworks",
				);
				PRODUCT_BUNDLE_IDENTIFIER = Ex.Expenses;
				PRODUCT_NAME = "$(TARGET_NAME)";
				SWIFT_VERSION = 5.0;
				TARGETED_DEVICE_FAMILY = "1,2";
			};
			name = Release;
		};
		D583D7E0230D037800926BE1 /* Debug */ = {
			isa = XCBuildConfiguration;
			buildSettings = {
				ALWAYS_EMBED_SWIFT_STANDARD_LIBRARIES = YES;
				BUNDLE_LOADER = "$(TEST_HOST)";
				CODE_SIGN_STYLE = Automatic;
				DEVELOPMENT_TEAM = 6N54P4PZYL;
				INFOPLIST_FILE = ExpensesTests/Info.plist;
				LD_RUNPATH_SEARCH_PATHS = (
					"$(inherited)",
					"@executable_path/Frameworks",
					"@loader_path/Frameworks",
				);
				PRODUCT_BUNDLE_IDENTIFIER = Ex.ExpensesTests;
				PRODUCT_NAME = "$(TARGET_NAME)";
				SWIFT_VERSION = 5.0;
				TARGETED_DEVICE_FAMILY = "1,2";
				TEST_HOST = "$(BUILT_PRODUCTS_DIR)/Expenses.app/Expenses";
			};
			name = Debug;
		};
		D583D7E1230D037800926BE1 /* Release */ = {
			isa = XCBuildConfiguration;
			buildSettings = {
				ALWAYS_EMBED_SWIFT_STANDARD_LIBRARIES = YES;
				BUNDLE_LOADER = "$(TEST_HOST)";
				CODE_SIGN_STYLE = Automatic;
				DEVELOPMENT_TEAM = 6N54P4PZYL;
				INFOPLIST_FILE = ExpensesTests/Info.plist;
				LD_RUNPATH_SEARCH_PATHS = (
					"$(inherited)",
					"@executable_path/Frameworks",
					"@loader_path/Frameworks",
				);
				PRODUCT_BUNDLE_IDENTIFIER = Ex.ExpensesTests;
				PRODUCT_NAME = "$(TARGET_NAME)";
				SWIFT_VERSION = 5.0;
				TARGETED_DEVICE_FAMILY = "1,2";
				TEST_HOST = "$(BUILT_PRODUCTS_DIR)/Expenses.app/Expenses";
			};
			name = Release;
		};
		D583D7E3230D037800926BE1 /* Debug */ = {
			isa = XCBuildConfiguration;
			buildSettings = {
				ALWAYS_EMBED_SWIFT_STANDARD_LIBRARIES = YES;
				CODE_SIGN_STYLE = Automatic;
				DEVELOPMENT_TEAM = 6N54P4PZYL;
				INFOPLIST_FILE = ExpensesUITests/Info.plist;
				LD_RUNPATH_SEARCH_PATHS = (
					"$(inherited)",
					"@executable_path/Frameworks",
					"@loader_path/Frameworks",
				);
				PRODUCT_BUNDLE_IDENTIFIER = Ex.ExpensesUITests;
				PRODUCT_NAME = "$(TARGET_NAME)";
				SWIFT_VERSION = 5.0;
				TARGETED_DEVICE_FAMILY = "1,2";
				TEST_TARGET_NAME = Expenses;
			};
			name = Debug;
		};
		D583D7E4230D037800926BE1 /* Release */ = {
			isa = XCBuildConfiguration;
			buildSettings = {
				ALWAYS_EMBED_SWIFT_STANDARD_LIBRARIES = YES;
				CODE_SIGN_STYLE = Automatic;
				DEVELOPMENT_TEAM = 6N54P4PZYL;
				INFOPLIST_FILE = ExpensesUITests/Info.plist;
				LD_RUNPATH_SEARCH_PATHS = (
					"$(inherited)",
					"@executable_path/Frameworks",
					"@loader_path/Frameworks",
				);
				PRODUCT_BUNDLE_IDENTIFIER = Ex.ExpensesUITests;
				PRODUCT_NAME = "$(TARGET_NAME)";
				SWIFT_VERSION = 5.0;
				TARGETED_DEVICE_FAMILY = "1,2";
				TEST_TARGET_NAME = Expenses;
			};
			name = Release;
		};
/* End XCBuildConfiguration section */

/* Begin XCConfigurationList section */
		D583D7AF230D037700926BE1 /* Build configuration list for PBXProject "Expenses" */ = {
			isa = XCConfigurationList;
			buildConfigurations = (
				D583D7DA230D037800926BE1 /* Debug */,
				D583D7DB230D037800926BE1 /* Release */,
			);
			defaultConfigurationIsVisible = 0;
			defaultConfigurationName = Release;
		};
		D583D7DC230D037800926BE1 /* Build configuration list for PBXNativeTarget "Expenses" */ = {
			isa = XCConfigurationList;
			buildConfigurations = (
				D583D7DD230D037800926BE1 /* Debug */,
				D583D7DE230D037800926BE1 /* Release */,
			);
			defaultConfigurationIsVisible = 0;
			defaultConfigurationName = Release;
		};
		D583D7DF230D037800926BE1 /* Build configuration list for PBXNativeTarget "ExpensesTests" */ = {
			isa = XCConfigurationList;
			buildConfigurations = (
				D583D7E0230D037800926BE1 /* Debug */,
				D583D7E1230D037800926BE1 /* Release */,
			);
			defaultConfigurationIsVisible = 0;
			defaultConfigurationName = Release;
		};
		D583D7E2230D037800926BE1 /* Build configuration list for PBXNativeTarget "ExpensesUITests" */ = {
			isa = XCConfigurationList;
			buildConfigurations = (
				D583D7E3230D037800926BE1 /* Debug */,
				D583D7E4230D037800926BE1 /* Release */,
			);
			defaultConfigurationIsVisible = 0;
			defaultConfigurationName = Release;
		};
/* End XCConfigurationList section */
	};
	rootObject = D583D7AC230D037700926BE1 /* Project object */;
}
